{
  "name": "nemi_react",
  "version": "0.1.0",
  "lockfileVersion": 1,
  "requires": true,
  "dependencies": {
    "echarts-for-react": {
      "version": "2.0.8",
      "resolved": "http://registry.npm.taobao.org/echarts-for-react/download/echarts-for-react-2.0.8.tgz",
      "integrity": "sha1-z1ZkHYo7xQhSMQruwGpGTE/HK2c=",
      "requires": {
        "element-resize-event": "2.0.9"
      }
    },
    "element-resize-event": {
      "version": "2.0.9",
      "resolved": "http://registry.npm.taobao.org/element-resize-event/download/element-resize-event-2.0.9.tgz",
      "integrity": "sha1-L14VgaKW61J1IQwUG8VjQuIY+HY="
    }
  }
}
